// !$*UTF8*$!
{
	archiveVersion = 1;
	classes = {
	};
	objectVersion = 48;
	objects = {

/* Begin PBXBuildFile section */
		936CDD931FC2CDA000A43CEA /* AppDelegate.swift in Sources */ = {isa = PBXBuildFile; fileRef = 936CDD921FC2CDA000A43CEA /* AppDelegate.swift */; };
		936CDD951FC2CDA000A43CEA /* ViewController.swift in Sources */ = {isa = PBXBuildFile; fileRef = 936CDD941FC2CDA000A43CEA /* ViewController.swift */; };
		936CDD981FC2CDA000A43CEA /* Main.storyboard in Resources */ = {isa = PBXBuildFile; fileRef = 936CDD961FC2CDA000A43CEA /* Main.storyboard */; };
		936CDD9A1FC2CDA000A43CEA /* Assets.xcassets in Resources */ = {isa = PBXBuildFile; fileRef = 936CDD991FC2CDA000A43CEA /* Assets.xcassets */; };
		936CDD9D1FC2CDA000A43CEA /* LaunchScreen.storyboard in Resources */ = {isa = PBXBuildFile; fileRef = 936CDD9B1FC2CDA000A43CEA /* LaunchScreen.storyboard */; };
/* End PBXBuildFile section */

/* Begin PBXFileReference section */
		936CDD8F1FC2CDA000A43CEA /* MyAlertView.app */ = {isa = PBXFileReference; explicitFileType = wrapper.application; includeInIndex = 0; path = MyAlertView.app; sourceTree = BUILT_PRODUCTS_DIR; };
		936CDD921FC2CDA000A43CEA /* AppDelegate.swift */ = {isa = PBXFileReference; lastKnownFileType = sourcecode.swift; path = AppDelegate.swift; sourceTree = "<group>"; };
		936CDD941FC2CDA000A43CEA /* ViewController.swift */ = {isa = PBXFileReference; lastKnownFileType = sourcecode.swift; path = ViewController.swift; sourceTree = "<group>"; };
		936CDD971FC2CDA000A43CEA /* Base */ = {isa = PBXFileReference; lastKnownFileType = file.storyboard; name = Base; path = Base.lproj/Main.storyboard; sourceTree = "<group>"; };
		936CDD991FC2CDA000A43CEA /* Assets.xcassets */ = {isa = PBXFileReference; lastKnownFileType = folder.assetcatalog; path = Assets.xcassets; sourceTree = "<group>"; };
		936CDD9C1FC2CDA000A43CEA /* Base */ = {isa = PBXFileReference; lastKnownFileType = file.storyboard; name = Base; path = Base.lproj/LaunchScreen.storyboard; sourceTree = "<group>"; };
		936CDD9E1FC2CDA000A43CEA /* Info.plist */ = {isa = PBXFileReference; lastKnownFileType = text.plist.xml; path = Info.plist; sourceTree = "<group>"; };
/* End PBXFileReference section */

/* Begin PBXFrameworksBuildPhase section */
		936CDD8C1FC2CDA000A43CEA /* Frameworks */ = {
			isa = PBXFrameworksBuildPhase;
			buildActionMask = 2147483647;
			files = (
			);
			runOnlyForDeploymentPostprocessing = 0;
		};
/* End PBXFrameworksBuildPhase section */

/* Begin PBXGroup section */
		936CDD861FC2CDA000A43CEA = {
			isa = PBXGroup;
			children = (
				936CDD911FC2CDA000A43CEA /* MyAlertView */,
				936CDD901FC2CDA000A43CEA /* Products */,
			);
			sourceTree = "<group>";
		};
		936CDD901FC2CDA000A43CEA /* Products */ = {
			isa = PBXGroup;
			children = (
				936CDD8F1FC2CDA000A43CEA /* MyAlertView.app */,
			);
			name = Products;
			sourceTree = "<group>";
		};
		936CDD911FC2CDA000A43CEA /* MyAlertView */ = {
			isa = PBXGroup;
			children = (
				936CDD921FC2CDA000A43CEA /* AppDelegate.swift */,
				936CDD941FC2CDA000A43CEA /* ViewController.swift */,
				936CDD961FC2CDA000A43CEA /* Main.storyboard */,
				936CDD991FC2CDA000A43CEA /* Assets.xcassets */,
				936CDD9B1FC2CDA000A43CEA /* LaunchScreen.storyboard */,
				936CDD9E1FC2CDA000A43CEA /* Info.plist */,
			);
			path = MyAlertView;
			sourceTree = "<group>";
		};
/* End PBXGroup section */

/* Begin PBXNativeTarget section */
		936CDD8E1FC2CDA000A43CEA /* MyAlertView */ = {
			isa = PBXNativeTarget;
			buildConfigurationList = 936CDDA11FC2CDA000A43CEA /* Build configuration list for PBXNativeTarget "MyAlertView" */;
			buildPhases = (
				936CDD8B1FC2CDA000A43CEA /* Sources */,
				936CDD8C1FC2CDA000A43CEA /* Frameworks */,
				936CDD8D1FC2CDA000A43CEA /* Resources */,
			);
			buildRules = (
			);
			dependencies = (
			);
			name = MyAlertView;
			productName = MyAlertView;
			productReference = 936CDD8F1FC2CDA000A43CEA /* MyAlertView.app */;
			productType = "com.apple.product-type.application";
		};
/* End PBXNativeTarget section */

/* Begin PBXProject section */
		936CDD871FC2CDA000A43CEA /* Project object */ = {
			isa = PBXProject;
			attributes = {
				LastSwiftUpdateCheck = 0900;
				LastUpgradeCheck = 0900;
				ORGANIZATIONNAME = SN;
				TargetAttributes = {
					936CDD8E1FC2CDA000A43CEA = {
						CreatedOnToolsVersion = 9.0;
						ProvisioningStyle = Automatic;
					};
				};
			};
			buildConfigurationList = 936CDD8A1FC2CDA000A43CEA /* Build configuration list for PBXProject "MyAlertView" */;
			compatibilityVersion = "Xcode 8.0";
			developmentRegion = en;
			hasScannedForEncodings = 0;
			knownRegions = (
				en,
				Base,
			);
			mainGroup = 936CDD861FC2CDA000A43CEA;
			productRefGroup = 936CDD901FC2CDA000A43CEA /* Products */;
			projectDirPath = "";
			projectRoot = "";
			targets = (
				936CDD8E1FC2CDA000A43CEA /* MyAlertView */,
			);
		};
/* End PBXProject section */

/* Begin PBXResourcesBuildPhase section */
		936CDD8D1FC2CDA000A43CEA /* Resources */ = {
			isa = PBXResourcesBuildPhase;
			buildActionMask = 2147483647;
			files = (
				936CDD9D1FC2CDA000A43CEA /* LaunchScreen.storyboard in Resources */,
				936CDD9A1FC2CDA000A43CEA /* Assets.xcassets in Resources */,
				936CDD981FC2CDA000A43CEA /* Main.storyboard in Resources */,
			);
			runOnlyForDeploymentPostprocessing = 0;
		};
/* End PBXResourcesBuildPhase section */

/* Begin PBXSourcesBuildPhase section */
		936CDD8B1FC2CDA000A43CEA /* Sources */ = {
			isa = PBXSourcesBuildPhase;
			buildActionMask = 2147483647;
			files = (
				936CDD951FC2CDA000A43CEA /* ViewController.swift in Sources */,
				936CDD931FC2CDA000A43CEA /* AppDelegate.swift in Sources */,
			);
			runOnlyForDeploymentPostprocessing = 0;
		};
/* End PBXSourcesBuildPhase section */

/* Begin PBXVariantGroup section */
		936CDD961FC2CDA000A43CEA /* Main.storyboard */ = {
			isa = PBXVariantGroup;
			children = (
				936CDD971FC2CDA000A43CEA /* Base */,
			);
			name = Main.storyboard;
			sourceTree = "<group>";
		};
		936CDD9B1FC2CDA000A43CEA /* LaunchScreen.storyboard */ = {
			isa = PBXVariantGroup;
			children = (
				936CDD9C1FC2CDA000A43CEA /* Base */,
			);
			name = LaunchScreen.storyboard;
			sourceTree = "<group>";
		};
/* End PBXVariantGroup section */

/* Begin XCBuildConfiguration section */
		936CDD9F1FC2CDA000A43CEA /* Debug */ = {
			isa = XCBuildConfiguration;
			buildSettings = {
				ALWAYS_SEARCH_USER_PATHS = NO;
				CLANG_ANALYZER_NONNULL = YES;
				CLANG_ANALYZER_NUMBER_OBJECT_CONVERSION = YES_AGGRESSIVE;
				CLANG_CXX_LANGUAGE_STANDARD = "gnu++14";
				CLANG_CXX_LIBRARY = "libc++";
				CLANG_ENABLE_MODULES = YES;
				CLANG_ENABLE_OBJC_ARC = YES;
				CLANG_WARN_BLOCK_CAPTURE_AUTORELEASING = YES;
				CLANG_WARN_BOOL_CONVERSION = YES;
				CLANG_WARN_COMMA = YES;
				CLANG_WARN_CONSTANT_CONVERSION = YES;
				CLANG_WARN_DIRECT_OBJC_ISA_USAGE = YES_ERROR;
				CLANG_WARN_DOCUMENTATION_COMMENTS = YES;
				CLANG_WARN_EMPTY_BODY = YES;
				CLANG_WARN_ENUM_CONVERSION = YES;
				CLANG_WARN_INFINITE_RECURSION = YES;
				CLANG_WARN_INT_CONVERSION = YES;
				CLANG_WARN_NON_LITERAL_NULL_CONVERSION = YES;
				CLANG_WARN_OBJC_LITERAL_CONVERSION = YES;
				CLANG_WARN_OBJC_ROOT_CLASS = YES_ERROR;
				CLANG_WARN_RANGE_LOOP_ANALYSIS = YES;
				CLANG_WARN_STRICT_PROTOTYPES = YES;
				CLANG_WARN_SUSPICIOUS_MOVE = YES;
				CLANG_WARN_UNGUARDED_AVAILABILITY = YES_AGGRESSIVE;
				CLANG_WARN_UNREACHABLE_CODE = YES;
				CLANG_WARN__DUPLICATE_METHOD_MATCH = YES;
				CODE_SIGN_IDENTITY = "iPhone Developer";
				COPY_PHASE_STRIP = NO;
				DEBUG_INFORMATION_FORMAT = dwarf;
				ENABLE_STRICT_OBJC_MSGSEND = YES;
				ENABLE_TESTABILITY = YES;
				GCC_C_LANGUAGE_STANDARD = gnu11;
				GCC_DYNAMIC_NO_PIC = NO;
				GCC_NO_COMMON_BLOCKS = YES;
				GCC_OPTIMIZATION_LEVEL = 0;
				GCC_PREPROCESSOR_DEFINITIONS = (
					"DEBUG=1",
					"$(inherited)",
				);
				GCC_WARN_64_TO_32_BIT_CONVERSION = YES;
				GCC_WARN_ABOUT_RETURN_TYPE = YES_ERROR;
				GCC_WARN_UNDECLARED_SELECTOR = YES;
				GCC_WARN_UNINITIALIZED_AUTOS = YES_AGGRESSIVE;
				GCC_WARN_UNUSED_FUNCTION = YES;
				GCC_WARN_UNUSED_VARIABLE = YES;
				IPHONEOS_DEPLOYMENT_TARGET = 11.0;
				MTL_ENABLE_DEBUG_INFO = YES;
				ONLY_ACTIVE_ARCH = YES;
				SDKROOT = iphoneos;
				SWIFT_ACTIVE_COMPILATION_CONDITIONS = DEBUG;
				SWIFT_OPTIMIZATION_LEVEL = "-Onone";
			};
			name = Debug;
		};
		936CDDA01FC2CDA000A43CEA /* Release */ = {
			isa = XCBuildConfiguration;
			buildSettings = {
				ALWAYS_SEARCH_USER_PATHS = NO;
				CLANG_ANALYZER_NONNULL = YES;
				CLANG_ANALYZER_NUMBER_OBJECT_CONVERSION = YES_AGGRESSIVE;
				CLANG_CXX_LANGUAGE_STANDARD = "gnu++14";
				CLANG_CXX_LIBRARY = "libc++";
				CLANG_ENABLE_MODULES = YES;
				CLANG_ENABLE_OBJC_ARC = YES;
				CLANG_WARN_BLOCK_CAPTURE_AUTORELEASING = YES;
				CLANG_WARN_BOOL_CONVERSION = YES;
				CLANG_WARN_COMMA = YES;
				CLANG_WARN_CONSTANT_CONVERSION = YES;
				CLANG_WARN_DIRECT_OBJC_ISA_USAGE = YES_ERROR;
				CLANG_WARN_DOCUMENTATION_COMMENTS = YES;
				CLANG_WARN_EMPTY_BODY = YES;
				CLANG_WARN_ENUM_CONVERSION = YES;
				CLANG_WARN_INFINITE_RECURSION = YES;
				CLANG_WARN_INT_CONVERSION = YES;
				CLANG_WARN_NON_LITERAL_NULL_CONVERSION = YES;
				CLANG_WARN_OBJC_LITERAL_CONVERSION = YES;
				CLANG_WARN_OBJC_ROOT_CLASS = YES_ERROR;
				CLANG_WARN_RANGE_LOOP_ANALYSIS = YES;
				CLANG_WARN_STRICT_PROTOTYPES = YES;
				CLANG_WARN_SUSPICIOUS_MOVE = YES;
				CLANG_WARN_UNGUARDED_AVAILABILITY = YES_AGGRESSIVE;
				CLANG_WARN_UNREACHABLE_CODE = YES;
				CLANG_WARN__DUPLICATE_METHOD_MATCH = YES;
				CODE_SIGN_IDENTITY = "iPhone Developer";
				COPY_PHASE_STRIP = NO;
				DEBUG_INFORMATION_FORMAT = "dwarf-with-dsym";
				ENABLE_NS_ASSERTIONS = NO;
				ENABLE_STRICT_OBJC_MSGSEND = YES;
				GCC_C_LANGUAGE_STANDARD = gnu11;
				GCC_NO_COMMON_BLOCKS = YES;
				GCC_WARN_64_TO_32_BIT_CONVERSION = YES;
				GCC_WARN_ABOUT_RETURN_TYPE = YES_ERROR;
				GCC_WARN_UNDECLARED_SELECTOR = YES;
				GCC_WARN_UNINITIALIZED_AUTOS = YES_AGGRESSIVE;
				GCC_WARN_UNUSED_FUNCTION = YES;
				GCC_WARN_UNUSED_VARIABLE = YES;
				IPHONEOS_DEPLOYMENT_TARGET = 11.0;
				MTL_ENABLE_DEBUG_INFO = NO;
				SDKROOT = iphoneos;
				SWIFT_OPTIMIZATION_LEVEL = "-Owholemodule";
				VALIDATE_PRODUCT = YES;
			};
			name = Release;
		};
		936CDDA21FC2CDA000A43CEA /* Debug */ = {
			isa = XCBuildConfiguration;
			buildSettings = {
				ASSETCATALOG_COMPILER_APPICON_NAME = AppIcon;
				CODE_SIGN_STYLE = Automatic;
				INFOPLIST_FILE = MyAlertView/Info.plist;
				LD_RUNPATH_SEARCH_PATHS = "$(inherited) @executable_path/Frameworks";
				PRODUCT_BUNDLE_IDENTIFIER = SN.MyAlertView;
				PRODUCT_NAME = "$(TARGET_NAME)";
				SWIFT_VERSION = 4.0;
				TARGETED_DEVICE_FAMILY = "1,2";
			};
			name = Debug;
		};
		936CDDA31FC2CDA000A43CEA /* Release */ = {
			isa = XCBuildConfiguration;
			buildSettings = {
				ASSETCATALOG_COMPILER_APPICON_NAME = AppIcon;
				CODE_SIGN_STYLE = Automatic;
				INFOPLIST_FILE = MyAlertView/Info.plist;
				LD_RUNPATH_SEARCH_PATHS = "$(inherited) @executable_path/Frameworks";
				PRODUCT_BUNDLE_IDENTIFIER = SN.MyAlertView;
				PRODUCT_NAME = "$(TARGET_NAME)";
				SWIFT_VERSION = 4.0;
				TARGETED_DEVICE_FAMILY = "1,2";
			};
			name = Release;
		};
/* End XCBuildConfiguration section */

/* Begin XCConfigurationList section */
		936CDD8A1FC2CDA000A43CEA /* Build configuration list for PBXProject "MyAlertView" */ = {
			isa = XCConfigurationList;
			buildConfigurations = (
				936CDD9F1FC2CDA000A43CEA /* Debug */,
				936CDDA01FC2CDA000A43CEA /* Release */,
			);
			defaultConfigurationIsVisible = 0;
			defaultConfigurationName = Release;
		};
		936CDDA11FC2CDA000A43CEA /* Build configuration list for PBXNativeTarget "MyAlertView" */ = {
			isa = XCConfigurationList;
			buildConfigurations = (
				936CDDA21FC2CDA000A43CEA /* Debug */,
				936CDDA31FC2CDA000A43CEA /* Release */,
			);
			defaultConfigurationIsVisible = 0;
			defaultConfigurationName = Release;
		};
/* End XCConfigurationList section */
	};
	rootObject = 936CDD871FC2CDA000A43CEA /* Project object */;
}
